// !$*UTF8*$!
{
	archiveVersion = 1;
	classes = {
	};
	objectVersion = 50;
	objects = {

/* Begin PBXBuildFile section */
		4B6B6EEC2513B9DC009C0FC1 /* English_TOEICApp.swift in Sources */ = {isa = PBXBuildFile; fileRef = 4B6B6EEB2513B9DC009C0FC1 /* English_TOEICApp.swift */; };
		4B6B6EEE2513B9DC009C0FC1 /* ContentView.swift in Sources */ = {isa = PBXBuildFile; fileRef = 4B6B6EED2513B9DC009C0FC1 /* ContentView.swift */; };
		4B6B6EF02513B9DD009C0FC1 /* Assets.xcassets in Resources */ = {isa = PBXBuildFile; fileRef = 4B6B6EEF2513B9DD009C0FC1 /* Assets.xcassets */; };
		4B6B6EF32513B9DD009C0FC1 /* Preview Assets.xcassets in Resources */ = {isa = PBXBuildFile; fileRef = 4B6B6EF22513B9DD009C0FC1 /* Preview Assets.xcassets */; };
		4B6B6F04251405BB009C0FC1 /* Animals.swift in Sources */ = {isa = PBXBuildFile; fileRef = 4B6B6F03251405BB009C0FC1 /* Animals.swift */; };
		4B6B6F082514060B009C0FC1 /* SeaLife.swift in Sources */ = {isa = PBXBuildFile; fileRef = 4B6B6F072514060B009C0FC1 /* SeaLife.swift */; };
		4B7347122514A36A00289A99 /* About.swift in Sources */ = {isa = PBXBuildFile; fileRef = 4B7347112514A36A00289A99 /* About.swift */; };
		4B7347152514DC6300289A99 /* More.swift in Sources */ = {isa = PBXBuildFile; fileRef = 4B7347142514DC6300289A99 /* More.swift */; };
		4B7347182514E1AD00289A99 /* Settings.swift in Sources */ = {isa = PBXBuildFile; fileRef = 4B7347172514E1AD00289A99 /* Settings.swift */; };
		4B73472525155DEB00289A99 /* Credits.swift in Sources */ = {isa = PBXBuildFile; fileRef = 4B73472425155DEB00289A99 /* Credits.swift */; };
		4B73472A2515662A00289A99 /* TestListPattern.swift in Sources */ = {isa = PBXBuildFile; fileRef = 4B7347292515662A00289A99 /* TestListPattern.swift */; };
		4B73472E251566BA00289A99 /* VocabularyListPattern.swift in Sources */ = {isa = PBXBuildFile; fileRef = 4B73472D251566BA00289A99 /* VocabularyListPattern.swift */; };
/* End PBXBuildFile section */

/* Begin PBXFileReference section */
		4B6B6EE82513B9DC009C0FC1 /* English TOEIC.app */ = {isa = PBXFileReference; explicitFileType = wrapper.application; includeInIndex = 0; path = "English TOEIC.app"; sourceTree = BUILT_PRODUCTS_DIR; };
		4B6B6EEB2513B9DC009C0FC1 /* English_TOEICApp.swift */ = {isa = PBXFileReference; lastKnownFileType = sourcecode.swift; path = English_TOEICApp.swift; sourceTree = "<group>"; };
		4B6B6EED2513B9DC009C0FC1 /* ContentView.swift */ = {isa = PBXFileReference; lastKnownFileType = sourcecode.swift; path = ContentView.swift; sourceTree = "<group>"; };
		4B6B6EEF2513B9DD009C0FC1 /* Assets.xcassets */ = {isa = PBXFileReference; lastKnownFileType = folder.assetcatalog; path = Assets.xcassets; sourceTree = "<group>"; };
		4B6B6EF22513B9DD009C0FC1 /* Preview Assets.xcassets */ = {isa = PBXFileReference; lastKnownFileType = folder.assetcatalog; path = "Preview Assets.xcassets"; sourceTree = "<group>"; };
		4B6B6EF42513B9DD009C0FC1 /* Info.plist */ = {isa = PBXFileReference; lastKnownFileType = text.plist.xml; path = Info.plist; sourceTree = "<group>"; };
		4B6B6F03251405BB009C0FC1 /* Animals.swift */ = {isa = PBXFileReference; lastKnownFileType = sourcecode.swift; path = Animals.swift; sourceTree = "<group>"; };
		4B6B6F072514060B009C0FC1 /* SeaLife.swift */ = {isa = PBXFileReference; lastKnownFileType = sourcecode.swift; path = SeaLife.swift; sourceTree = "<group>"; };
		4B7347112514A36A00289A99 /* About.swift */ = {isa = PBXFileReference; lastKnownFileType = sourcecode.swift; path = About.swift; sourceTree = "<group>"; };
		4B7347142514DC6300289A99 /* More.swift */ = {isa = PBXFileReference; lastKnownFileType = sourcecode.swift; path = More.swift; sourceTree = "<group>"; };
		4B7347172514E1AD00289A99 /* Settings.swift */ = {isa = PBXFileReference; lastKnownFileType = sourcecode.swift; path = Settings.swift; sourceTree = "<group>"; };
		4B73472425155DEB00289A99 /* Credits.swift */ = {isa = PBXFileReference; lastKnownFileType = sourcecode.swift; path = Credits.swift; sourceTree = "<group>"; };
		4B7347292515662A00289A99 /* TestListPattern.swift */ = {isa = PBXFileReference; lastKnownFileType = sourcecode.swift; path = TestListPattern.swift; sourceTree = "<group>"; };
		4B73472D251566BA00289A99 /* VocabularyListPattern.swift */ = {isa = PBXFileReference; lastKnownFileType = sourcecode.swift; path = VocabularyListPattern.swift; sourceTree = "<group>"; };
/* End PBXFileReference section */

/* Begin PBXFrameworksBuildPhase section */
		4B6B6EE52513B9DC009C0FC1 /* Frameworks */ = {
			isa = PBXFrameworksBuildPhase;
			buildActionMask = 2147483647;
			files = (
			);
			runOnlyForDeploymentPostprocessing = 0;
		};
/* End PBXFrameworksBuildPhase section */

/* Begin PBXGroup section */
		4B6B6EDF2513B9DC009C0FC1 = {
			isa = PBXGroup;
			children = (
				4B6B6EEA2513B9DC009C0FC1 /* English TOEIC */,
				4B6B6EE92513B9DC009C0FC1 /* Products */,
			);
			sourceTree = "<group>";
		};
		4B6B6EE92513B9DC009C0FC1 /* Products */ = {
			isa = PBXGroup;
			children = (
				4B6B6EE82513B9DC009C0FC1 /* English TOEIC.app */,
			);
			name = Products;
			sourceTree = "<group>";
		};
		4B6B6EEA2513B9DC009C0FC1 /* English TOEIC */ = {
			isa = PBXGroup;
			children = (
				4B734722251557DC00289A99 /* Tabs */,
				4B734721251557C800289A99 /* Views */,
				4B6B6F11251412D1009C0FC1 /* Components */,
				4B6B6F0225140550009C0FC1 /* Chapters */,
				4B6B6EEB2513B9DC009C0FC1 /* English_TOEICApp.swift */,
				4B6B6EED2513B9DC009C0FC1 /* ContentView.swift */,
				4B6B6EEF2513B9DD009C0FC1 /* Assets.xcassets */,
				4B6B6EF42513B9DD009C0FC1 /* Info.plist */,
				4B6B6EF12513B9DD009C0FC1 /* Preview Content */,
			);
			path = "English TOEIC";
			sourceTree = "<group>";
		};
		4B6B6EF12513B9DD009C0FC1 /* Preview Content */ = {
			isa = PBXGroup;
			children = (
				4B6B6EF22513B9DD009C0FC1 /* Preview Assets.xcassets */,
			);
			path = "Preview Content";
			sourceTree = "<group>";
		};
		4B6B6F0225140550009C0FC1 /* Chapters */ = {
			isa = PBXGroup;
			children = (
				4B6B6F03251405BB009C0FC1 /* Animals.swift */,
				4B6B6F072514060B009C0FC1 /* SeaLife.swift */,
			);
			path = Chapters;
			sourceTree = "<group>";
		};
		4B6B6F11251412D1009C0FC1 /* Components */ = {
			isa = PBXGroup;
			children = (
				4B7347292515662A00289A99 /* TestListPattern.swift */,
				4B73472D251566BA00289A99 /* VocabularyListPattern.swift */,
			);
			path = Components;
			sourceTree = "<group>";
		};
		4B734721251557C800289A99 /* Views */ = {
			isa = PBXGroup;
			children = (
				4B7347112514A36A00289A99 /* About.swift */,
				4B7347172514E1AD00289A99 /* Settings.swift */,
				4B73472425155DEB00289A99 /* Credits.swift */,
			);
			path = Views;
			sourceTree = "<group>";
		};
		4B734722251557DC00289A99 /* Tabs */ = {
			isa = PBXGroup;
			children = (
				4B7347142514DC6300289A99 /* More.swift */,
			);
			path = Tabs;
			sourceTree = "<group>";
		};
/* End PBXGroup section */

/* Begin PBXNativeTarget section */
		4B6B6EE72513B9DC009C0FC1 /* English TOEIC */ = {
			isa = PBXNativeTarget;
			buildConfigurationList = 4B6B6EF72513B9DD009C0FC1 /* Build configuration list for PBXNativeTarget "English TOEIC" */;
			buildPhases = (
				4B6B6EE42513B9DC009C0FC1 /* Sources */,
				4B6B6EE52513B9DC009C0FC1 /* Frameworks */,
				4B6B6EE62513B9DC009C0FC1 /* Resources */,
			);
			buildRules = (
			);
			dependencies = (
			);
			name = "English TOEIC";
			productName = "English TOEIC";
			productReference = 4B6B6EE82513B9DC009C0FC1 /* English TOEIC.app */;
			productType = "com.apple.product-type.application";
		};
/* End PBXNativeTarget section */

/* Begin PBXProject section */
		4B6B6EE02513B9DC009C0FC1 /* Project object */ = {
			isa = PBXProject;
			attributes = {
				LastSwiftUpdateCheck = 1200;
				LastUpgradeCheck = 1200;
				TargetAttributes = {
					4B6B6EE72513B9DC009C0FC1 = {
						CreatedOnToolsVersion = 12.0;
					};
				};
			};
			buildConfigurationList = 4B6B6EE32513B9DC009C0FC1 /* Build configuration list for PBXProject "English TOEIC" */;
			compatibilityVersion = "Xcode 9.3";
			developmentRegion = en;
			hasScannedForEncodings = 0;
			knownRegions = (
				en,
				Base,
			);
			mainGroup = 4B6B6EDF2513B9DC009C0FC1;
			productRefGroup = 4B6B6EE92513B9DC009C0FC1 /* Products */;
			projectDirPath = "";
			projectRoot = "";
			targets = (
				4B6B6EE72513B9DC009C0FC1 /* English TOEIC */,
			);
		};
/* End PBXProject section */

/* Begin PBXResourcesBuildPhase section */
		4B6B6EE62513B9DC009C0FC1 /* Resources */ = {
			isa = PBXResourcesBuildPhase;
			buildActionMask = 2147483647;
			files = (
				4B6B6EF32513B9DD009C0FC1 /* Preview Assets.xcassets in Resources */,
				4B6B6EF02513B9DD009C0FC1 /* Assets.xcassets in Resources */,
			);
			runOnlyForDeploymentPostprocessing = 0;
		};
/* End PBXResourcesBuildPhase section */

/* Begin PBXSourcesBuildPhase section */
		4B6B6EE42513B9DC009C0FC1 /* Sources */ = {
			isa = PBXSourcesBuildPhase;
			buildActionMask = 2147483647;
			files = (
				4B73472A2515662A00289A99 /* TestListPattern.swift in Sources */,
				4B6B6EEE2513B9DC009C0FC1 /* ContentView.swift in Sources */,
				4B73472E251566BA00289A99 /* VocabularyListPattern.swift in Sources */,
				4B7347122514A36A00289A99 /* About.swift in Sources */,
				4B7347182514E1AD00289A99 /* Settings.swift in Sources */,
				4B6B6F082514060B009C0FC1 /* SeaLife.swift in Sources */,
				4B6B6F04251405BB009C0FC1 /* Animals.swift in Sources */,
				4B7347152514DC6300289A99 /* More.swift in Sources */,
				4B73472525155DEB00289A99 /* Credits.swift in Sources */,
				4B6B6EEC2513B9DC009C0FC1 /* English_TOEICApp.swift in Sources */,
			);
			runOnlyForDeploymentPostprocessing = 0;
		};
/* End PBXSourcesBuildPhase section */

/* Begin XCBuildConfiguration section */
		4B6B6EF52513B9DD009C0FC1 /* Debug */ = {
			isa = XCBuildConfiguration;
			buildSettings = {
				ALWAYS_SEARCH_USER_PATHS = NO;
				CLANG_ANALYZER_NONNULL = YES;
				CLANG_ANALYZER_NUMBER_OBJECT_CONVERSION = YES_AGGRESSIVE;
				CLANG_CXX_LANGUAGE_STANDARD = "gnu++14";
				CLANG_CXX_LIBRARY = "libc++";
				CLANG_ENABLE_MODULES = YES;
				CLANG_ENABLE_OBJC_ARC = YES;
				CLANG_ENABLE_OBJC_WEAK = YES;
				CLANG_WARN_BLOCK_CAPTURE_AUTORELEASING = YES;
				CLANG_WARN_BOOL_CONVERSION = YES;
				CLANG_WARN_COMMA = YES;
				CLANG_WARN_CONSTANT_CONVERSION = YES;
				CLANG_WARN_DEPRECATED_OBJC_IMPLEMENTATIONS = YES;
				CLANG_WARN_DIRECT_OBJC_ISA_USAGE = YES_ERROR;
				CLANG_WARN_DOCUMENTATION_COMMENTS = YES;
				CLANG_WARN_EMPTY_BODY = YES;
				CLANG_WARN_ENUM_CONVERSION = YES;
				CLANG_WARN_INFINITE_RECURSION = YES;
				CLANG_WARN_INT_CONVERSION = YES;
				CLANG_WARN_NON_LITERAL_NULL_CONVERSION = YES;
				CLANG_WARN_OBJC_IMPLICIT_RETAIN_SELF = YES;
				CLANG_WARN_OBJC_LITERAL_CONVERSION = YES;
				CLANG_WARN_OBJC_ROOT_CLASS = YES_ERROR;
				CLANG_WARN_QUOTED_INCLUDE_IN_FRAMEWORK_HEADER = YES;
				CLANG_WARN_RANGE_LOOP_ANALYSIS = YES;
				CLANG_WARN_STRICT_PROTOTYPES = YES;
				CLANG_WARN_SUSPICIOUS_MOVE = YES;
				CLANG_WARN_UNGUARDED_AVAILABILITY = YES_AGGRESSIVE;
				CLANG_WARN_UNREACHABLE_CODE = YES;
				CLANG_WARN__DUPLICATE_METHOD_MATCH = YES;
				COPY_PHASE_STRIP = NO;
				DEBUG_INFORMATION_FORMAT = dwarf;
				ENABLE_STRICT_OBJC_MSGSEND = YES;
				ENABLE_TESTABILITY = YES;
				GCC_C_LANGUAGE_STANDARD = gnu11;
				GCC_DYNAMIC_NO_PIC = NO;
				GCC_NO_COMMON_BLOCKS = YES;
				GCC_OPTIMIZATION_LEVEL = 0;
				GCC_PREPROCESSOR_DEFINITIONS = (
					"DEBUG=1",
					"$(inherited)",
				);
				GCC_WARN_64_TO_32_BIT_CONVERSION = YES;
				GCC_WARN_ABOUT_RETURN_TYPE = YES_ERROR;
				GCC_WARN_UNDECLARED_SELECTOR = YES;
				GCC_WARN_UNINITIALIZED_AUTOS = YES_AGGRESSIVE;
				GCC_WARN_UNUSED_FUNCTION = YES;
				GCC_WARN_UNUSED_VARIABLE = YES;
				IPHONEOS_DEPLOYMENT_TARGET = 14.0;
				MTL_ENABLE_DEBUG_INFO = INCLUDE_SOURCE;
				MTL_FAST_MATH = YES;
				ONLY_ACTIVE_ARCH = YES;
				SDKROOT = iphoneos;
				SWIFT_ACTIVE_COMPILATION_CONDITIONS = DEBUG;
				SWIFT_OPTIMIZATION_LEVEL = "-Onone";
			};
			name = Debug;
		};
		4B6B6EF62513B9DD009C0FC1 /* Release */ = {
			isa = XCBuildConfiguration;
			buildSettings = {
				ALWAYS_SEARCH_USER_PATHS = NO;
				CLANG_ANALYZER_NONNULL = YES;
				CLANG_ANALYZER_NUMBER_OBJECT_CONVERSION = YES_AGGRESSIVE;
				CLANG_CXX_LANGUAGE_STANDARD = "gnu++14";
				CLANG_CXX_LIBRARY = "libc++";
				CLANG_ENABLE_MODULES = YES;
				CLANG_ENABLE_OBJC_ARC = YES;
				CLANG_ENABLE_OBJC_WEAK = YES;
				CLANG_WARN_BLOCK_CAPTURE_AUTORELEASING = YES;
				CLANG_WARN_BOOL_CONVERSION = YES;
				CLANG_WARN_COMMA = YES;
				CLANG_WARN_CONSTANT_CONVERSION = YES;
				CLANG_WARN_DEPRECATED_OBJC_IMPLEMENTATIONS = YES;
				CLANG_WARN_DIRECT_OBJC_ISA_USAGE = YES_ERROR;
				CLANG_WARN_DOCUMENTATION_COMMENTS = YES;
				CLANG_WARN_EMPTY_BODY = YES;
				CLANG_WARN_ENUM_CONVERSION = YES;
				CLANG_WARN_INFINITE_RECURSION = YES;
				CLANG_WARN_INT_CONVERSION = YES;
				CLANG_WARN_NON_LITERAL_NULL_CONVERSION = YES;
				CLANG_WARN_OBJC_IMPLICIT_RETAIN_SELF = YES;
				CLANG_WARN_OBJC_LITERAL_CONVERSION = YES;
				CLANG_WARN_OBJC_ROOT_CLASS = YES_ERROR;
				CLANG_WARN_QUOTED_INCLUDE_IN_FRAMEWORK_HEADER = YES;
				CLANG_WARN_RANGE_LOOP_ANALYSIS = YES;
				CLANG_WARN_STRICT_PROTOTYPES = YES;
				CLANG_WARN_SUSPICIOUS_MOVE = YES;
				CLANG_WARN_UNGUARDED_AVAILABILITY = YES_AGGRESSIVE;
				CLANG_WARN_UNREACHABLE_CODE = YES;
				CLANG_WARN__DUPLICATE_METHOD_MATCH = YES;
				COPY_PHASE_STRIP = NO;
				DEBUG_INFORMATION_FORMAT = "dwarf-with-dsym";
				ENABLE_NS_ASSERTIONS = NO;
				ENABLE_STRICT_OBJC_MSGSEND = YES;
				GCC_C_LANGUAGE_STANDARD = gnu11;
				GCC_NO_COMMON_BLOCKS = YES;
				GCC_WARN_64_TO_32_BIT_CONVERSION = YES;
				GCC_WARN_ABOUT_RETURN_TYPE = YES_ERROR;
				GCC_WARN_UNDECLARED_SELECTOR = YES;
				GCC_WARN_UNINITIALIZED_AUTOS = YES_AGGRESSIVE;
				GCC_WARN_UNUSED_FUNCTION = YES;
				GCC_WARN_UNUSED_VARIABLE = YES;
				IPHONEOS_DEPLOYMENT_TARGET = 14.0;
				MTL_ENABLE_DEBUG_INFO = NO;
				MTL_FAST_MATH = YES;
				SDKROOT = iphoneos;
				SWIFT_COMPILATION_MODE = wholemodule;
				SWIFT_OPTIMIZATION_LEVEL = "-O";
				VALIDATE_PRODUCT = YES;
			};
			name = Release;
		};
		4B6B6EF82513B9DD009C0FC1 /* Debug */ = {
			isa = XCBuildConfiguration;
			buildSettings = {
				ASSETCATALOG_COMPILER_APPICON_NAME = AppIcon;
				ASSETCATALOG_COMPILER_GLOBAL_ACCENT_COLOR_NAME = AccentColor;
				CODE_SIGN_STYLE = Automatic;
				CURRENT_PROJECT_VERSION = 4;
				DEVELOPMENT_ASSET_PATHS = "\"English TOEIC/Preview Content\"";
				DEVELOPMENT_TEAM = 7379GRA8BC;
				ENABLE_PREVIEWS = YES;
				INFOPLIST_FILE = "English TOEIC/Info.plist";
				IPHONEOS_DEPLOYMENT_TARGET = 14.0;
				LD_RUNPATH_SEARCH_PATHS = (
					"$(inherited)",
					"@executable_path/Frameworks",
				);
				MARKETING_VERSION = 1.0;
				PRODUCT_BUNDLE_IDENTIFIER = "fr.paulcolombier.voc-in";
				PRODUCT_NAME = "$(TARGET_NAME)";
				SWIFT_VERSION = 5.0;
				TARGETED_DEVICE_FAMILY = 1;
			};
			name = Debug;
		};
		4B6B6EF92513B9DD009C0FC1 /* Release */ = {
			isa = XCBuildConfiguration;
			buildSettings = {
				ASSETCATALOG_COMPILER_APPICON_NAME = AppIcon;
				ASSETCATALOG_COMPILER_GLOBAL_ACCENT_COLOR_NAME = AccentColor;
				CODE_SIGN_STYLE = Automatic;
				CURRENT_PROJECT_VERSION = 4;
				DEVELOPMENT_ASSET_PATHS = "\"English TOEIC/Preview Content\"";
				DEVELOPMENT_TEAM = 7379GRA8BC;
				ENABLE_PREVIEWS = YES;
				INFOPLIST_FILE = "English TOEIC/Info.plist";
				IPHONEOS_DEPLOYMENT_TARGET = 14.0;
				LD_RUNPATH_SEARCH_PATHS = (
					"$(inherited)",
					"@executable_path/Frameworks",
				);
				MARKETING_VERSION = 1.0;
				PRODUCT_BUNDLE_IDENTIFIER = "fr.paulcolombier.voc-in";
				PRODUCT_NAME = "$(TARGET_NAME)";
				SWIFT_VERSION = 5.0;
				TARGETED_DEVICE_FAMILY = 1;
			};
			name = Release;
		};
/* End XCBuildConfiguration section */

/* Begin XCConfigurationList section */
		4B6B6EE32513B9DC009C0FC1 /* Build configuration list for PBXProject "English TOEIC" */ = {
			isa = XCConfigurationList;
			buildConfigurations = (
				4B6B6EF52513B9DD009C0FC1 /* Debug */,
				4B6B6EF62513B9DD009C0FC1 /* Release */,
			);
			defaultConfigurationIsVisible = 0;
			defaultConfigurationName = Release;
		};
		4B6B6EF72513B9DD009C0FC1 /* Build configuration list for PBXNativeTarget "English TOEIC" */ = {
			isa = XCConfigurationList;
			buildConfigurations = (
				4B6B6EF82513B9DD009C0FC1 /* Debug */,
				4B6B6EF92513B9DD009C0FC1 /* Release */,
			);
			defaultConfigurationIsVisible = 0;
			defaultConfigurationName = Release;
		};
/* End XCConfigurationList section */
	};
	rootObject = 4B6B6EE02513B9DC009C0FC1 /* Project object */;
}
